// !$*UTF8*$!
{
	archiveVersion = 1;
	classes = {
	};
	objectVersion = 56;
	objects = {

/* Begin PBXBuildFile section */
		8490B2812A6E2E8E007BC88F /* SecondViewController.swift in Sources */ = {isa = PBXBuildFile; fileRef = 8490B2802A6E2E8E007BC88F /* SecondViewController.swift */; };
		8490B2842A6E32DC007BC88F /* Profile.swift in Sources */ = {isa = PBXBuildFile; fileRef = 8490B2832A6E32DC007BC88F /* Profile.swift */; };
		84A1BF0A2A6D63A80093EC6E /* AppDelegate.swift in Sources */ = {isa = PBXBuildFile; fileRef = 84A1BF092A6D63A80093EC6E /* AppDelegate.swift */; };
		84A1BF0C2A6D63A80093EC6E /* SceneDelegate.swift in Sources */ = {isa = PBXBuildFile; fileRef = 84A1BF0B2A6D63A80093EC6E /* SceneDelegate.swift */; };
		84A1BF0E2A6D63A80093EC6E /* ViewController.swift in Sources */ = {isa = PBXBuildFile; fileRef = 84A1BF0D2A6D63A80093EC6E /* ViewController.swift */; };
		84A1BF112A6D63A80093EC6E /* Main.storyboard in Resources */ = {isa = PBXBuildFile; fileRef = 84A1BF0F2A6D63A80093EC6E /* Main.storyboard */; };
		84A1BF132A6D63AB0093EC6E /* Assets.xcassets in Resources */ = {isa = PBXBuildFile; fileRef = 84A1BF122A6D63AB0093EC6E /* Assets.xcassets */; };
		84A1BF162A6D63AB0093EC6E /* LaunchScreen.storyboard in Resources */ = {isa = PBXBuildFile; fileRef = 84A1BF142A6D63AB0093EC6E /* LaunchScreen.storyboard */; };
		84A1BF232A6D798D0093EC6E /* InputView.xib in Resources */ = {isa = PBXBuildFile; fileRef = 84A1BF222A6D798D0093EC6E /* InputView.xib */; };
		84A1BF252A6D79CD0093EC6E /* InputView.swift in Sources */ = {isa = PBXBuildFile; fileRef = 84A1BF242A6D79CD0093EC6E /* InputView.swift */; };
/* End PBXBuildFile section */

/* Begin PBXFileReference section */
		8490B2802A6E2E8E007BC88F /* SecondViewController.swift */ = {isa = PBXFileReference; lastKnownFileType = sourcecode.swift; path = SecondViewController.swift; sourceTree = "<group>"; };
		8490B2832A6E32DC007BC88F /* Profile.swift */ = {isa = PBXFileReference; lastKnownFileType = sourcecode.swift; path = Profile.swift; sourceTree = "<group>"; };
		84A1BF062A6D63A80093EC6E /* HW1.app */ = {isa = PBXFileReference; explicitFileType = wrapper.application; includeInIndex = 0; path = HW1.app; sourceTree = BUILT_PRODUCTS_DIR; };
		84A1BF092A6D63A80093EC6E /* AppDelegate.swift */ = {isa = PBXFileReference; lastKnownFileType = sourcecode.swift; path = AppDelegate.swift; sourceTree = "<group>"; };
		84A1BF0B2A6D63A80093EC6E /* SceneDelegate.swift */ = {isa = PBXFileReference; lastKnownFileType = sourcecode.swift; path = SceneDelegate.swift; sourceTree = "<group>"; };
		84A1BF0D2A6D63A80093EC6E /* ViewController.swift */ = {isa = PBXFileReference; lastKnownFileType = sourcecode.swift; path = ViewController.swift; sourceTree = "<group>"; };
		84A1BF102A6D63A80093EC6E /* Base */ = {isa = PBXFileReference; lastKnownFileType = file.storyboard; name = Base; path = Base.lproj/Main.storyboard; sourceTree = "<group>"; };
		84A1BF122A6D63AB0093EC6E /* Assets.xcassets */ = {isa = PBXFileReference; lastKnownFileType = folder.assetcatalog; path = Assets.xcassets; sourceTree = "<group>"; };
		84A1BF152A6D63AB0093EC6E /* Base */ = {isa = PBXFileReference; lastKnownFileType = file.storyboard; name = Base; path = Base.lproj/LaunchScreen.storyboard; sourceTree = "<group>"; };
		84A1BF172A6D63AB0093EC6E /* Info.plist */ = {isa = PBXFileReference; lastKnownFileType = text.plist.xml; path = Info.plist; sourceTree = "<group>"; };
		84A1BF222A6D798D0093EC6E /* InputView.xib */ = {isa = PBXFileReference; lastKnownFileType = file.xib; path = InputView.xib; sourceTree = "<group>"; };
		84A1BF242A6D79CD0093EC6E /* InputView.swift */ = {isa = PBXFileReference; lastKnownFileType = sourcecode.swift; path = InputView.swift; sourceTree = "<group>"; };
/* End PBXFileReference section */

/* Begin PBXFrameworksBuildPhase section */
		84A1BF032A6D63A80093EC6E /* Frameworks */ = {
			isa = PBXFrameworksBuildPhase;
			buildActionMask = 2147483647;
			files = (
			);
			runOnlyForDeploymentPostprocessing = 0;
		};
/* End PBXFrameworksBuildPhase section */

/* Begin PBXGroup section */
		8490B2822A6E32C4007BC88F /* Models */ = {
			isa = PBXGroup;
			children = (
				8490B2832A6E32DC007BC88F /* Profile.swift */,
			);
			path = Models;
			sourceTree = "<group>";
		};
		84A1BEFD2A6D63A80093EC6E = {
			isa = PBXGroup;
			children = (
				84A1BF082A6D63A80093EC6E /* HW1 */,
				84A1BF072A6D63A80093EC6E /* Products */,
			);
			sourceTree = "<group>";
		};
		84A1BF072A6D63A80093EC6E /* Products */ = {
			isa = PBXGroup;
			children = (
				84A1BF062A6D63A80093EC6E /* HW1.app */,
			);
			name = Products;
			sourceTree = "<group>";
		};
		84A1BF082A6D63A80093EC6E /* HW1 */ = {
			isa = PBXGroup;
			children = (
				8490B2822A6E32C4007BC88F /* Models */,
				84A1BF1D2A6D64B40093EC6E /* CustomInputComponent */,
				84A1BF092A6D63A80093EC6E /* AppDelegate.swift */,
				84A1BF0B2A6D63A80093EC6E /* SceneDelegate.swift */,
				84A1BF0D2A6D63A80093EC6E /* ViewController.swift */,
				84A1BF0F2A6D63A80093EC6E /* Main.storyboard */,
				84A1BF122A6D63AB0093EC6E /* Assets.xcassets */,
				84A1BF142A6D63AB0093EC6E /* LaunchScreen.storyboard */,
				84A1BF172A6D63AB0093EC6E /* Info.plist */,
				8490B2802A6E2E8E007BC88F /* SecondViewController.swift */,
			);
			path = HW1;
			sourceTree = "<group>";
		};
		84A1BF1D2A6D64B40093EC6E /* CustomInputComponent */ = {
			isa = PBXGroup;
			children = (
				84A1BF222A6D798D0093EC6E /* InputView.xib */,
				84A1BF242A6D79CD0093EC6E /* InputView.swift */,
			);
			path = CustomInputComponent;
			sourceTree = "<group>";
		};
/* End PBXGroup section */

/* Begin PBXNativeTarget section */
		84A1BF052A6D63A80093EC6E /* HW1 */ = {
			isa = PBXNativeTarget;
			buildConfigurationList = 84A1BF1A2A6D63AB0093EC6E /* Build configuration list for PBXNativeTarget "HW1" */;
			buildPhases = (
				84A1BF022A6D63A80093EC6E /* Sources */,
				84A1BF032A6D63A80093EC6E /* Frameworks */,
				84A1BF042A6D63A80093EC6E /* Resources */,
			);
			buildRules = (
			);
			dependencies = (
			);
			name = HW1;
			productName = HW1;
			productReference = 84A1BF062A6D63A80093EC6E /* HW1.app */;
			productType = "com.apple.product-type.application";
		};
/* End PBXNativeTarget section */

/* Begin PBXProject section */
		84A1BEFE2A6D63A80093EC6E /* Project object */ = {
			isa = PBXProject;
			attributes = {
				BuildIndependentTargetsInParallel = 1;
				LastSwiftUpdateCheck = 1420;
				LastUpgradeCheck = 1420;
				TargetAttributes = {
					84A1BF052A6D63A80093EC6E = {
						CreatedOnToolsVersion = 14.2;
					};
				};
			};
			buildConfigurationList = 84A1BF012A6D63A80093EC6E /* Build configuration list for PBXProject "HW1" */;
			compatibilityVersion = "Xcode 14.0";
			developmentRegion = en;
			hasScannedForEncodings = 0;
			knownRegions = (
				en,
				Base,
			);
			mainGroup = 84A1BEFD2A6D63A80093EC6E;
			productRefGroup = 84A1BF072A6D63A80093EC6E /* Products */;
			projectDirPath = "";
			projectRoot = "";
			targets = (
				84A1BF052A6D63A80093EC6E /* HW1 */,
			);
		};
/* End PBXProject section */

/* Begin PBXResourcesBuildPhase section */
		84A1BF042A6D63A80093EC6E /* Resources */ = {
			isa = PBXResourcesBuildPhase;
			buildActionMask = 2147483647;
			files = (
				84A1BF162A6D63AB0093EC6E /* LaunchScreen.storyboard in Resources */,
				84A1BF232A6D798D0093EC6E /* InputView.xib in Resources */,
				84A1BF132A6D63AB0093EC6E /* Assets.xcassets in Resources */,
				84A1BF112A6D63A80093EC6E /* Main.storyboard in Resources */,
			);
			runOnlyForDeploymentPostprocessing = 0;
		};
/* End PBXResourcesBuildPhase section */

/* Begin PBXSourcesBuildPhase section */
		84A1BF022A6D63A80093EC6E /* Sources */ = {
			isa = PBXSourcesBuildPhase;
			buildActionMask = 2147483647;
			files = (
				84A1BF0E2A6D63A80093EC6E /* ViewController.swift in Sources */,
				8490B2842A6E32DC007BC88F /* Profile.swift in Sources */,
				84A1BF252A6D79CD0093EC6E /* InputView.swift in Sources */,
				84A1BF0A2A6D63A80093EC6E /* AppDelegate.swift in Sources */,
				8490B2812A6E2E8E007BC88F /* SecondViewController.swift in Sources */,
				84A1BF0C2A6D63A80093EC6E /* SceneDelegate.swift in Sources */,
			);
			runOnlyForDeploymentPostprocessing = 0;
		};
/* End PBXSourcesBuildPhase section */

/* Begin PBXVariantGroup section */
		84A1BF0F2A6D63A80093EC6E /* Main.storyboard */ = {
			isa = PBXVariantGroup;
			children = (
				84A1BF102A6D63A80093EC6E /* Base */,
			);
			name = Main.storyboard;
			sourceTree = "<group>";
		};
		84A1BF142A6D63AB0093EC6E /* LaunchScreen.storyboard */ = {
			isa = PBXVariantGroup;
			children = (
				84A1BF152A6D63AB0093EC6E /* Base */,
			);
			name = LaunchScreen.storyboard;
			sourceTree = "<group>";
		};
/* End PBXVariantGroup section */

/* Begin XCBuildConfiguration section */
		84A1BF182A6D63AB0093EC6E /* Debug */ = {
			isa = XCBuildConfiguration;
			buildSettings = {
				ALWAYS_SEARCH_USER_PATHS = NO;
				CLANG_ANALYZER_NONNULL = YES;
				CLANG_ANALYZER_NUMBER_OBJECT_CONVERSION = YES_AGGRESSIVE;
				CLANG_CXX_LANGUAGE_STANDARD = "gnu++20";
				CLANG_ENABLE_MODULES = YES;
				CLANG_ENABLE_OBJC_ARC = YES;
				CLANG_ENABLE_OBJC_WEAK = YES;
				CLANG_WARN_BLOCK_CAPTURE_AUTORELEASING = YES;
				CLANG_WARN_BOOL_CONVERSION = YES;
				CLANG_WARN_COMMA = YES;
				CLANG_WARN_CONSTANT_CONVERSION = YES;
				CLANG_WARN_DEPRECATED_OBJC_IMPLEMENTATIONS = YES;
				CLANG_WARN_DIRECT_OBJC_ISA_USAGE = YES_ERROR;
				CLANG_WARN_DOCUMENTATION_COMMENTS = YES;
				CLANG_WARN_EMPTY_BODY = YES;
				CLANG_WARN_ENUM_CONVERSION = YES;
				CLANG_WARN_INFINITE_RECURSION = YES;
				CLANG_WARN_INT_CONVERSION = YES;
				CLANG_WARN_NON_LITERAL_NULL_CONVERSION = YES;
				CLANG_WARN_OBJC_IMPLICIT_RETAIN_SELF = YES;
				CLANG_WARN_OBJC_LITERAL_CONVERSION = YES;
				CLANG_WARN_OBJC_ROOT_CLASS = YES_ERROR;
				CLANG_WARN_QUOTED_INCLUDE_IN_FRAMEWORK_HEADER = YES;
				CLANG_WARN_RANGE_LOOP_ANALYSIS = YES;
				CLANG_WARN_STRICT_PROTOTYPES = YES;
				CLANG_WARN_SUSPICIOUS_MOVE = YES;
				CLANG_WARN_UNGUARDED_AVAILABILITY = YES_AGGRESSIVE;
				CLANG_WARN_UNREACHABLE_CODE = YES;
				CLANG_WARN__DUPLICATE_METHOD_MATCH = YES;
				COPY_PHASE_STRIP = NO;
				DEBUG_INFORMATION_FORMAT = dwarf;
				ENABLE_STRICT_OBJC_MSGSEND = YES;
				ENABLE_TESTABILITY = YES;
				GCC_C_LANGUAGE_STANDARD = gnu11;
				GCC_DYNAMIC_NO_PIC = NO;
				GCC_NO_COMMON_BLOCKS = YES;
				GCC_OPTIMIZATION_LEVEL = 0;
				GCC_PREPROCESSOR_DEFINITIONS = (
					"DEBUG=1",
					"$(inherited)",
				);
				GCC_WARN_64_TO_32_BIT_CONVERSION = YES;
				GCC_WARN_ABOUT_RETURN_TYPE = YES_ERROR;
				GCC_WARN_UNDECLARED_SELECTOR = YES;
				GCC_WARN_UNINITIALIZED_AUTOS = YES_AGGRESSIVE;
				GCC_WARN_UNUSED_FUNCTION = YES;
				GCC_WARN_UNUSED_VARIABLE = YES;
				IPHONEOS_DEPLOYMENT_TARGET = 16.2;
				MTL_ENABLE_DEBUG_INFO = INCLUDE_SOURCE;
				MTL_FAST_MATH = YES;
				ONLY_ACTIVE_ARCH = YES;
				SDKROOT = iphoneos;
				SWIFT_ACTIVE_COMPILATION_CONDITIONS = DEBUG;
				SWIFT_OPTIMIZATION_LEVEL = "-Onone";
			};
			name = Debug;
		};
		84A1BF192A6D63AB0093EC6E /* Release */ = {
			isa = XCBuildConfiguration;
			buildSettings = {
				ALWAYS_SEARCH_USER_PATHS = NO;
				CLANG_ANALYZER_NONNULL = YES;
				CLANG_ANALYZER_NUMBER_OBJECT_CONVERSION = YES_AGGRESSIVE;
				CLANG_CXX_LANGUAGE_STANDARD = "gnu++20";
				CLANG_ENABLE_MODULES = YES;
				CLANG_ENABLE_OBJC_ARC = YES;
				CLANG_ENABLE_OBJC_WEAK = YES;
				CLANG_WARN_BLOCK_CAPTURE_AUTORELEASING = YES;
				CLANG_WARN_BOOL_CONVERSION = YES;
				CLANG_WARN_COMMA = YES;
				CLANG_WARN_CONSTANT_CONVERSION = YES;
				CLANG_WARN_DEPRECATED_OBJC_IMPLEMENTATIONS = YES;
				CLANG_WARN_DIRECT_OBJC_ISA_USAGE = YES_ERROR;
				CLANG_WARN_DOCUMENTATION_COMMENTS = YES;
				CLANG_WARN_EMPTY_BODY = YES;
				CLANG_WARN_ENUM_CONVERSION = YES;
				CLANG_WARN_INFINITE_RECURSION = YES;
				CLANG_WARN_INT_CONVERSION = YES;
				CLANG_WARN_NON_LITERAL_NULL_CONVERSION = YES;
				CLANG_WARN_OBJC_IMPLICIT_RETAIN_SELF = YES;
				CLANG_WARN_OBJC_LITERAL_CONVERSION = YES;
				CLANG_WARN_OBJC_ROOT_CLASS = YES_ERROR;
				CLANG_WARN_QUOTED_INCLUDE_IN_FRAMEWORK_HEADER = YES;
				CLANG_WARN_RANGE_LOOP_ANALYSIS = YES;
				CLANG_WARN_STRICT_PROTOTYPES = YES;
				CLANG_WARN_SUSPICIOUS_MOVE = YES;
				CLANG_WARN_UNGUARDED_AVAILABILITY = YES_AGGRESSIVE;
				CLANG_WARN_UNREACHABLE_CODE = YES;
				CLANG_WARN__DUPLICATE_METHOD_MATCH = YES;
				COPY_PHASE_STRIP = NO;
				DEBUG_INFORMATION_FORMAT = "dwarf-with-dsym";
				ENABLE_NS_ASSERTIONS = NO;
				ENABLE_STRICT_OBJC_MSGSEND = YES;
				GCC_C_LANGUAGE_STANDARD = gnu11;
				GCC_NO_COMMON_BLOCKS = YES;
				GCC_WARN_64_TO_32_BIT_CONVERSION = YES;
				GCC_WARN_ABOUT_RETURN_TYPE = YES_ERROR;
				GCC_WARN_UNDECLARED_SELECTOR = YES;
				GCC_WARN_UNINITIALIZED_AUTOS = YES_AGGRESSIVE;
				GCC_WARN_UNUSED_FUNCTION = YES;
				GCC_WARN_UNUSED_VARIABLE = YES;
				IPHONEOS_DEPLOYMENT_TARGET = 16.2;
				MTL_ENABLE_DEBUG_INFO = NO;
				MTL_FAST_MATH = YES;
				SDKROOT = iphoneos;
				SWIFT_COMPILATION_MODE = wholemodule;
				SWIFT_OPTIMIZATION_LEVEL = "-O";
				VALIDATE_PRODUCT = YES;
			};
			name = Release;
		};
		84A1BF1B2A6D63AB0093EC6E /* Debug */ = {
			isa = XCBuildConfiguration;
			buildSettings = {
				ASSETCATALOG_COMPILER_APPICON_NAME = AppIcon;
				ASSETCATALOG_COMPILER_GLOBAL_ACCENT_COLOR_NAME = AccentColor;
				CODE_SIGN_STYLE = Automatic;
				CURRENT_PROJECT_VERSION = 1;
				DEVELOPMENT_TEAM = QM8VWHJ4H3;
				GENERATE_INFOPLIST_FILE = YES;
				INFOPLIST_FILE = HW1/Info.plist;
				INFOPLIST_KEY_UIApplicationSupportsIndirectInputEvents = YES;
				INFOPLIST_KEY_UILaunchStoryboardName = LaunchScreen;
				INFOPLIST_KEY_UIMainStoryboardFile = Main;
				INFOPLIST_KEY_UISupportedInterfaceOrientations_iPad = "UIInterfaceOrientationPortrait UIInterfaceOrientationPortraitUpsideDown UIInterfaceOrientationLandscapeLeft UIInterfaceOrientationLandscapeRight";
				INFOPLIST_KEY_UISupportedInterfaceOrientations_iPhone = "UIInterfaceOrientationPortrait UIInterfaceOrientationLandscapeLeft UIInterfaceOrientationLandscapeRight";
				LD_RUNPATH_SEARCH_PATHS = (
					"$(inherited)",
					"@executable_path/Frameworks",
				);
				MARKETING_VERSION = 1.0;
				PRODUCT_BUNDLE_IDENTIFIER = hw.HW1;
				PRODUCT_NAME = "$(TARGET_NAME)";
				SWIFT_EMIT_LOC_STRINGS = YES;
				SWIFT_VERSION = 5.0;
				TARGETED_DEVICE_FAMILY = "1,2";
			};
			name = Debug;
		};
		84A1BF1C2A6D63AB0093EC6E /* Release */ = {
			isa = XCBuildConfiguration;
			buildSettings = {
				ASSETCATALOG_COMPILER_APPICON_NAME = AppIcon;
				ASSETCATALOG_COMPILER_GLOBAL_ACCENT_COLOR_NAME = AccentColor;
				CODE_SIGN_STYLE = Automatic;
				CURRENT_PROJECT_VERSION = 1;
				DEVELOPMENT_TEAM = QM8VWHJ4H3;
				GENERATE_INFOPLIST_FILE = YES;
				INFOPLIST_FILE = HW1/Info.plist;
				INFOPLIST_KEY_UIApplicationSupportsIndirectInputEvents = YES;
				INFOPLIST_KEY_UILaunchStoryboardName = LaunchScreen;
				INFOPLIST_KEY_UIMainStoryboardFile = Main;
				INFOPLIST_KEY_UISupportedInterfaceOrientations_iPad = "UIInterfaceOrientationPortrait UIInterfaceOrientationPortraitUpsideDown UIInterfaceOrientationLandscapeLeft UIInterfaceOrientationLandscapeRight";
				INFOPLIST_KEY_UISupportedInterfaceOrientations_iPhone = "UIInterfaceOrientationPortrait UIInterfaceOrientationLandscapeLeft UIInterfaceOrientationLandscapeRight";
				LD_RUNPATH_SEARCH_PATHS = (
					"$(inherited)",
					"@executable_path/Frameworks",
				);
				MARKETING_VERSION = 1.0;
				PRODUCT_BUNDLE_IDENTIFIER = hw.HW1;
				PRODUCT_NAME = "$(TARGET_NAME)";
				SWIFT_EMIT_LOC_STRINGS = YES;
				SWIFT_VERSION = 5.0;
				TARGETED_DEVICE_FAMILY = "1,2";
			};
			name = Release;
		};
/* End XCBuildConfiguration section */

/* Begin XCConfigurationList section */
		84A1BF012A6D63A80093EC6E /* Build configuration list for PBXProject "HW1" */ = {
			isa = XCConfigurationList;
			buildConfigurations = (
				84A1BF182A6D63AB0093EC6E /* Debug */,
				84A1BF192A6D63AB0093EC6E /* Release */,
			);
			defaultConfigurationIsVisible = 0;
			defaultConfigurationName = Release;
		};
		84A1BF1A2A6D63AB0093EC6E /* Build configuration list for PBXNativeTarget "HW1" */ = {
			isa = XCConfigurationList;
			buildConfigurations = (
				84A1BF1B2A6D63AB0093EC6E /* Debug */,
				84A1BF1C2A6D63AB0093EC6E /* Release */,
			);
			defaultConfigurationIsVisible = 0;
			defaultConfigurationName = Release;
		};
/* End XCConfigurationList section */
	};
	rootObject = 84A1BEFE2A6D63A80093EC6E /* Project object */;
}
